github.com/aymerick/douceur v0.2.0 h1:Mv+mAeH1Q+n9Fr+oyamOlAkUNPWPlA8PPGR0QAaYuPk=
github.com/aymerick/douceur v0.2.0/go.mod h1:wlT5vV2O3h55X9m7iVYN0TBM0NH/MmbLnd30/FjWUq4=
github.com/fatih/structs v1.1.0 h1:Q7juDM0QtcnhCpeyLGQKyg4TOIghuNXrkL32pHAUMxo=
github.com/fatih/structs v1.1.0/go.mod h1:9NiDSp5zOcgEDl+j00MP/WkGVPOlPRLejGD8Ga6PJ7M=
github.com/gorilla/css v1.0.1 h1:ntNaBIghp6JmvWnxbZKANoLyuXTPZ4cAMlo6RyhlbO8=
github.com/gorilla/css v1.0.1/go.mod h1:BvnYkspnSzMmwRK+b8/xgNPLiIuNZr6vbZBTPQ2A3b0=
github.com/microcosm-cc/bluemonday v1.0.27 h1:MpEUotklkwCSLeH+Qdx1VJgNqLlpY2KXwXFM08ygZfk=
github.com/microcosm-cc/bluemonday v1.0.27/go.mod h1:jFi9vgW+H7c3V0lb6nR74Ib/DIB5OBs92Dimizgw2cA=
github.com/reiver/go-erorr v0.0.0-20240801233437-8cbde6d1fa3f h1:D1QSxKHm8U73XhjsW3SFLkT0zT5pKJi+1KGboMhY1Rk=
github.com/reiver/go-erorr v0.0.0-20240801233437-8cbde6d1fa3f/go.mod h1:F0HbBf+Ak2ZlE8YkDW4Y+KxaUmT0KaaIJK6CXY3cJxE=
github.com/reiver/go-fediverseid v0.0.0-20250116020158-ff8ea90e4d5c h1:js0LndTvyGK8g5VkbBhLBdMHr85DvDdnn4TIePU6vmE=
github.com/reiver/go-fediverseid v0.0.0-20250116020158-ff8ea90e4d5c/go.mod h1:c2iT0wQYBegVeWsC8D9SCLgQgRRlP0q0WQYvbdcLH3A=
github.com/reiver/go-json v0.0.0-20240809035039-2f83bc2e8c10 h1:LbFL8s+beVbEfnCymQAbRVtG8ihlL67XKvqM17EqGK0=
github.com/reiver/go-json v0.0.0-20240809035039-2f83bc2e8c10/go.mod h1:ns4kpzbK+OyMUZYT8UmBxrsYWNmvB/irZGmyIh99cxY=
github.com/reiver/go-jsonint v0.0.0-20241119162208-a71145908f18 h1:aLDu6q/QjNRYx6GUYWYgjbynxLXDDl2NUzdBgXY/nOo=
github.com/reiver/go-jsonint v0.0.0-20241119162208-a71145908f18/go.mod h1:1lW12ILqOxqtylQBMezy6oRuMQWlzFjeWF/Wbz/9U8g=
github.com/reiver/go-jsonpp v0.0.0-20240802002345-16cd4c5a34ee h1:KhA+fe6qjEw6ZbN3vjPICGL0NqR+rghYre4SQB0WWVs=
github.com/reiver/go-jsonpp v0.0.0-20240802002345-16cd4c5a34ee/go.mod h1:iubeYYU+lR1wqKssI6Sz1DK/Aw/N/qmRcam0wf8hYIs=
github.com/reiver/go-jsonstr v0.0.0-20240802000653-a5a8363975f1 h1:32ulBfhFKQIaRMuwCo2vi7FLOphgyKTZzJIk+LWmMOE=
github.com/reiver/go-jsonstr v0.0.0-20240802000653-a5a8363975f1/go.mod h1:/msMJNY8TjDYgO/h06wEuzTWGs1b37xbUo8FH/2aZqQ=
github.com/reiver/go-lck v0.0.0-20240808133902-b56df221c39f h1:KBVWBoNIM8mHkUR3dP64hm2p2vxoD5xHZ6wUllCjFTc=
github.com/reiver/go-lck v0.0.0-20240808133902-b56df221c39f/go.mod h1:PFseSi8S0CBkc+YB6jYWtogPk83LumclnYJZZBQJJhs=
github.com/reiver/go-log v1.1.1-0.20250112073952-9561cd42d7ec h1:hkYO+BgWByMhSsuEGpbnkNdGYiMrKiqbGb/+4Zbwa5s=
github.com/reiver/go-log v1.1.1-0.20250112073952-9561cd42d7ec/go.mod h1:0sqMSve6TILkxj7UEER97cmnhJmE/XkTIPBxtXbSEcM=
github.com/reiver/go-mstdn v0.0.0-20250115164347-248adb4b7ee2 h1:lAxiSIX1D0S8sBZlFS8Tq2HJSFWgHxAlu22NIekcY98=
github.com/reiver/go-mstdn v0.0.0-20250115164347-248adb4b7ee2/go.mod h1:XOX8zb0ScbOdyjE0a1opjSEA4kSX7sUcnP3addHbiuI=
github.com/reiver/go-nul v0.0.0-20240809035333-493a75a3fb25 h1:MAIeNMmNVT8QIA8+jjPlPFCsunQ4ek8Zu37+UBNzmPI=
github.com/reiver/go-nul v0.0.0-20240809035333-493a75a3fb25/go.mod h1:ujZNfthiz5To36l6B3GIG7+Ukpc26VmVRFbKbo5npDg=
github.com/reiver/go-opt v0.0.0-20240809035328-1ff08dec9bc4 h1:KQ/PDBRaJb69hmMmOs/jM8q679y9v51lY7tjX2FUkog=
github.com/reiver/go-opt v0.0.0-20240809035328-1ff08dec9bc4/go.mod h1:3lRqhDIwZ4OaMNN6Z5rmHCX8up18IkLGuw2rxP9GrYo=
github.com/reiver/go-path v0.0.0-20240327181650-5f2ee05890d8 h1:8JFCnRV4GVjP8XUFuXvCH42o4fXHSkGcUkfsloB+LeY=
github.com/reiver/go-path v0.0.0-20240327181650-5f2ee05890d8/go.mod h1:4H3fxXTRSuvWviraF1tFTVXhRciV8KFGq5tzo1gb2Tk=
github.com/reiver/go-pathmatch v1.0.1-0.20240802004530-0dc31d85afa8 h1:3mxWa4FELLc6TbC00ZZTe30tYUZ8HN4IHaH0m7Y3SPc=
github.com/reiver/go-pathmatch v1.0.1-0.20240802004530-0dc31d85afa8/go.mod h1:SveMAOrJP7XCL3UlazOjQdKNCGG2T/E1zE6gDHfs3cA=
github.com/reiver/go-pathmux v0.0.0-20250113184313-b773d1ae8cb7 h1:LczWwFGEC7C+NdxR1LseZ1RPwRLqnUibDTcuf13qGNA=
github.com/reiver/go-pathmux v0.0.0-20250113184313-b773d1ae8cb7/go.mod h1:skftYndyTOU0cNVp491NSoiBJj96eABC2i8ipPVqRYU=
golang.org/x/net v0.26.0 h1:soB7SVo0PWrY4vPW/+ay0jKDNScG2X9wFeYlXIvJsOQ=
golang.org/x/net v0.26.0/go.mod h1:5YKkiSynbBIh3p6iOc/vibscux0x38BZDkn8sCUPxHE=
